
Microsoft Visual Studio Solution File, Format Version 12.00
# Visual Studio 15
VisualStudioVersion = 15.0.27004.2009
MinimumVisualStudioVersion = 10.0.40219.1
Project("{FAE04EC0-301F-11D3-BF4B-00C04F79EFBC}") = "SPS-Helper v2.1", "SPS-Helper v2.1\SPS-Helper v2.1.csproj", "{CF86A578-BB83-4359-B5D7-9A6A7E726CAC}"
EndProject
Global
	GlobalSection(SolutionConfigurationPlatforms) = preSolution
		Debug|Any CPU = Debug|Any CPU
		Release|Any CPU = Release|Any CPU
	EndGlobalSection
	GlobalSection(ProjectConfigurationPlatforms) = postSolution
		{CF86A578-BB83-4359-B5D7-9A6A7E726CAC}.Debug|Any CPU.ActiveCfg = Debug|Any CPU
		{CF86A578-BB83-4359-B5D7-9A6A7E726CAC}.Debug|Any CPU.Build.0 = Debug|Any CPU
		{CF86A578-BB83-4359-B5D7-9A6A7E726CAC}.Release|Any CPU.ActiveCfg = Release|Any CPU
		{CF86A578-BB83-4359-B5D7-9A6A7E726CAC}.Release|Any CPU.Build.0 = Release|Any CPU
	EndGlobalSection
	GlobalSection(SolutionProperties) = preSolution
		HideSolutionNode = FALSE
	EndGlobalSection
	GlobalSection(ExtensibilityGlobals) = postSolution
		SolutionGuid = {13AE5579-82B3-4B7A-80CB-1D5787617B6B}
	EndGlobalSection
EndGlobal
